
Microsoft Visual Studio Solution File, Format Version 12.00
# Visual Studio Version 17
VisualStudioVersion = 17.13.35931.197
MinimumVisualStudioVersion = 10.0.40219.1
Project("{FAE04EC0-301F-11D3-BF4B-00C04F79EFBC}") = "MarcasAutosApi", "MarcasAutosApi.csproj", "{580E73D4-5312-3A20-ED52-25D129A19D5F}"
EndProject
Project("{FAE04EC0-301F-11D3-BF4B-00C04F79EFBC}") = "MarcasAutosApi.Tests", "..\MarcasAutosApi.Tests\MarcasAutosApi.Tests.csproj", "{37D6F50A-8223-318D-F186-A08E404BEC39}"
EndProject
Global
	GlobalSection(SolutionConfigurationPlatforms) = preSolution
		Debug|Any CPU = Debug|Any CPU
		Debug|x64 = Debug|x64
		Debug|x86 = Debug|x86
		Release|Any CPU = Release|Any CPU
		Release|x64 = Release|x64
		Release|x86 = Release|x86
	EndGlobalSection
	GlobalSection(ProjectConfigurationPlatforms) = postSolution
		{580E73D4-5312-3A20-ED52-25D129A19D5F}.Debug|Any CPU.ActiveCfg = Debug|Any CPU
		{580E73D4-5312-3A20-ED52-25D129A19D5F}.Debug|Any CPU.Build.0 = Debug|Any CPU
		{580E73D4-5312-3A20-ED52-25D129A19D5F}.Debug|x64.ActiveCfg = Debug|Any CPU
		{580E73D4-5312-3A20-ED52-25D129A19D5F}.Debug|x64.Build.0 = Debug|Any CPU
		{580E73D4-5312-3A20-ED52-25D129A19D5F}.Debug|x86.ActiveCfg = Debug|Any CPU
		{580E73D4-5312-3A20-ED52-25D129A19D5F}.Debug|x86.Build.0 = Debug|Any CPU
		{580E73D4-5312-3A20-ED52-25D129A19D5F}.Release|Any CPU.ActiveCfg = Release|Any CPU
		{580E73D4-5312-3A20-ED52-25D129A19D5F}.Release|Any CPU.Build.0 = Release|Any CPU
		{580E73D4-5312-3A20-ED52-25D129A19D5F}.Release|x64.ActiveCfg = Release|Any CPU
		{580E73D4-5312-3A20-ED52-25D129A19D5F}.Release|x64.Build.0 = Release|Any CPU
		{580E73D4-5312-3A20-ED52-25D129A19D5F}.Release|x86.ActiveCfg = Release|Any CPU
		{580E73D4-5312-3A20-ED52-25D129A19D5F}.Release|x86.Build.0 = Release|Any CPU
		{37D6F50A-8223-318D-F186-A08E404BEC39}.Debug|Any CPU.ActiveCfg = Debug|Any CPU
		{37D6F50A-8223-318D-F186-A08E404BEC39}.Debug|Any CPU.Build.0 = Debug|Any CPU
		{37D6F50A-8223-318D-F186-A08E404BEC39}.Debug|x64.ActiveCfg = Debug|Any CPU
		{37D6F50A-8223-318D-F186-A08E404BEC39}.Debug|x64.Build.0 = Debug|Any CPU
		{37D6F50A-8223-318D-F186-A08E404BEC39}.Debug|x86.ActiveCfg = Debug|Any CPU
		{37D6F50A-8223-318D-F186-A08E404BEC39}.Debug|x86.Build.0 = Debug|Any CPU
		{37D6F50A-8223-318D-F186-A08E404BEC39}.Release|Any CPU.ActiveCfg = Release|Any CPU
		{37D6F50A-8223-318D-F186-A08E404BEC39}.Release|Any CPU.Build.0 = Release|Any CPU
		{37D6F50A-8223-318D-F186-A08E404BEC39}.Release|x64.ActiveCfg = Release|Any CPU
		{37D6F50A-8223-318D-F186-A08E404BEC39}.Release|x64.Build.0 = Release|Any CPU
		{37D6F50A-8223-318D-F186-A08E404BEC39}.Release|x86.ActiveCfg = Release|Any CPU
		{37D6F50A-8223-318D-F186-A08E404BEC39}.Release|x86.Build.0 = Release|Any CPU
	EndGlobalSection
	GlobalSection(SolutionProperties) = preSolution
		HideSolutionNode = FALSE
	EndGlobalSection
	GlobalSection(ExtensibilityGlobals) = postSolution
		SolutionGuid = {16C2AC46-FD32-4A31-B98F-4A933A18C588}
	EndGlobalSection
EndGlobal
